
Microsoft Visual Studio Solution File, Format Version 12.00
# Visual Studio Version 17
VisualStudioVersion = 17.2.32616.157
MinimumVisualStudioVersion = 10.0.40219.1
Project("{2150E333-8FDC-42A3-9474-1A3956D46DE8}") = "Services", "Services", "{FCD01CDA-7665-408C-B264-7A2795FB65C6}"
EndProject
Project("{2150E333-8FDC-42A3-9474-1A3956D46DE8}") = "Catalog", "Catalog", "{EB87E774-C7CD-44E7-86E8-D5934806298A}"
EndProject
Project("{9A19103F-16F7-4668-BE54-9A1E7A4F7556}") = "Catalog.API", "Services\Catalog\Catalog.API\Catalog.API.csproj", "{A20A5FFF-900A-4EB5-988D-00FD735464C0}"
EndProject
Project("{E53339B2-1760-4266-BCC7-CA923CBCF16C}") = "docker-compose", "docker-compose.dcproj", "{3C95DD42-EC9A-466B-8C97-AA1A16F2D59F}"
EndProject
Project("{2150E333-8FDC-42A3-9474-1A3956D46DE8}") = "Basket", "Basket", "{E27B4232-AF9B-40F8-B547-721DF0487DE3}"
EndProject
Project("{9A19103F-16F7-4668-BE54-9A1E7A4F7556}") = "Basket.API", "Services\Basket\Basket.API\Basket.API.csproj", "{6889BE92-54DD-4B2C-A31B-9A67ABDA79E1}"
EndProject
Project("{9A19103F-16F7-4668-BE54-9A1E7A4F7556}") = "Discount.API", "Services\Discount\Discount.API\Discount.API.csproj", "{F62A3C93-2EF9-45EB-A887-D25994C2F953}"
EndProject
Project("{2150E333-8FDC-42A3-9474-1A3956D46DE8}") = "Discount", "Discount", "{1293CB16-F3C2-4049-9C4B-B46B06B82B82}"
EndProject
Project("{9A19103F-16F7-4668-BE54-9A1E7A4F7556}") = "Discount.Grpc", "Services\Discount\Discount.Grpc\Discount.Grpc.csproj", "{28EBA046-5800-43DF-A442-E89384171E40}"
EndProject
Project("{2150E333-8FDC-42A3-9474-1A3956D46DE8}") = "Ordering", "Ordering", "{785CD133-4F6E-4EF4-AC2F-9DC77F57C5F8}"
EndProject
Project("{9A19103F-16F7-4668-BE54-9A1E7A4F7556}") = "Ordering.API", "Services\Ordering\Ordering.API\Ordering.API.csproj", "{B829ADB0-0CE3-40C7-B5BC-A61DCEF5F68C}"
EndProject
Project("{9A19103F-16F7-4668-BE54-9A1E7A4F7556}") = "Ordering.Domain", "Services\Ordering\Ordering.Domain\Ordering.Domain.csproj", "{EC078B89-D4F8-470A-BB88-CE6E7C03456F}"
EndProject
Project("{9A19103F-16F7-4668-BE54-9A1E7A4F7556}") = "Ordering.Application", "Services\Ordering\Ordering.Application\Ordering.Application.csproj", "{18E8A0F1-25D1-49EF-AB54-301359B8F3C7}"
EndProject
Project("{9A19103F-16F7-4668-BE54-9A1E7A4F7556}") = "Ordering.Infrastructure", "Services\Ordering\Ordering.Infrastructure\Ordering.Infrastructure.csproj", "{D1DB51D3-0ACD-47A4-A5D4-2A2EBCC5B265}"
EndProject
Project("{2150E333-8FDC-42A3-9474-1A3956D46DE8}") = "BuildingBlocks", "BuildingBlocks", "{C3509613-AD08-42C1-9BF0-5F2A36699666}"
EndProject
Project("{9A19103F-16F7-4668-BE54-9A1E7A4F7556}") = "EventBus.Messages", "BuildingBlocks\EventBus.Messages\EventBus.Messages.csproj", "{D4A72FB6-41CA-44F4-BAC2-7516E9B6EB69}"
EndProject
Project("{2150E333-8FDC-42A3-9474-1A3956D46DE8}") = "ApiGateways", "ApiGateways", "{5F884B6B-1B65-43B5-9B20-160A6921A4DE}"
EndProject
Project("{FAE04EC0-301F-11D3-BF4B-00C04F79EFBC}") = "OcelotApiGw", "ApiGateways\OcelotApiGw\OcelotApiGw.csproj", "{F726C5D2-6AB2-4DE8-8906-3A423226B2A2}"
EndProject
Project("{FAE04EC0-301F-11D3-BF4B-00C04F79EFBC}") = "Shopping.Aggregator", "ApiGateways\Shopping.Aggregator\Shopping.Aggregator.csproj", "{E8BE4DA2-D1A8-4CF9-95AA-547CC68BC267}"
EndProject
Global
	GlobalSection(SolutionConfigurationPlatforms) = preSolution
		Debug|Any CPU = Debug|Any CPU
		Release|Any CPU = Release|Any CPU
	EndGlobalSection
	GlobalSection(ProjectConfigurationPlatforms) = postSolution
		{A20A5FFF-900A-4EB5-988D-00FD735464C0}.Debug|Any CPU.ActiveCfg = Debug|Any CPU
		{A20A5FFF-900A-4EB5-988D-00FD735464C0}.Debug|Any CPU.Build.0 = Debug|Any CPU
		{A20A5FFF-900A-4EB5-988D-00FD735464C0}.Release|Any CPU.ActiveCfg = Release|Any CPU
		{A20A5FFF-900A-4EB5-988D-00FD735464C0}.Release|Any CPU.Build.0 = Release|Any CPU
		{3C95DD42-EC9A-466B-8C97-AA1A16F2D59F}.Debug|Any CPU.ActiveCfg = Debug|Any CPU
		{3C95DD42-EC9A-466B-8C97-AA1A16F2D59F}.Debug|Any CPU.Build.0 = Debug|Any CPU
		{3C95DD42-EC9A-466B-8C97-AA1A16F2D59F}.Release|Any CPU.ActiveCfg = Release|Any CPU
		{3C95DD42-EC9A-466B-8C97-AA1A16F2D59F}.Release|Any CPU.Build.0 = Release|Any CPU
		{6889BE92-54DD-4B2C-A31B-9A67ABDA79E1}.Debug|Any CPU.ActiveCfg = Debug|Any CPU
		{6889BE92-54DD-4B2C-A31B-9A67ABDA79E1}.Debug|Any CPU.Build.0 = Debug|Any CPU
		{6889BE92-54DD-4B2C-A31B-9A67ABDA79E1}.Release|Any CPU.ActiveCfg = Release|Any CPU
		{6889BE92-54DD-4B2C-A31B-9A67ABDA79E1}.Release|Any CPU.Build.0 = Release|Any CPU
		{F62A3C93-2EF9-45EB-A887-D25994C2F953}.Debug|Any CPU.ActiveCfg = Debug|Any CPU
		{F62A3C93-2EF9-45EB-A887-D25994C2F953}.Debug|Any CPU.Build.0 = Debug|Any CPU
		{F62A3C93-2EF9-45EB-A887-D25994C2F953}.Release|Any CPU.ActiveCfg = Release|Any CPU
		{F62A3C93-2EF9-45EB-A887-D25994C2F953}.Release|Any CPU.Build.0 = Release|Any CPU
		{28EBA046-5800-43DF-A442-E89384171E40}.Debug|Any CPU.ActiveCfg = Debug|Any CPU
		{28EBA046-5800-43DF-A442-E89384171E40}.Debug|Any CPU.Build.0 = Debug|Any CPU
		{28EBA046-5800-43DF-A442-E89384171E40}.Release|Any CPU.ActiveCfg = Release|Any CPU
		{28EBA046-5800-43DF-A442-E89384171E40}.Release|Any CPU.Build.0 = Release|Any CPU
		{B829ADB0-0CE3-40C7-B5BC-A61DCEF5F68C}.Debug|Any CPU.ActiveCfg = Debug|Any CPU
		{B829ADB0-0CE3-40C7-B5BC-A61DCEF5F68C}.Debug|Any CPU.Build.0 = Debug|Any CPU
		{B829ADB0-0CE3-40C7-B5BC-A61DCEF5F68C}.Release|Any CPU.ActiveCfg = Release|Any CPU
		{B829ADB0-0CE3-40C7-B5BC-A61DCEF5F68C}.Release|Any CPU.Build.0 = Release|Any CPU
		{EC078B89-D4F8-470A-BB88-CE6E7C03456F}.Debug|Any CPU.ActiveCfg = Debug|Any CPU
		{EC078B89-D4F8-470A-BB88-CE6E7C03456F}.Debug|Any CPU.Build.0 = Debug|Any CPU
		{EC078B89-D4F8-470A-BB88-CE6E7C03456F}.Release|Any CPU.ActiveCfg = Release|Any CPU
		{EC078B89-D4F8-470A-BB88-CE6E7C03456F}.Release|Any CPU.Build.0 = Release|Any CPU
		{18E8A0F1-25D1-49EF-AB54-301359B8F3C7}.Debug|Any CPU.ActiveCfg = Debug|Any CPU
		{18E8A0F1-25D1-49EF-AB54-301359B8F3C7}.Debug|Any CPU.Build.0 = Debug|Any CPU
		{18E8A0F1-25D1-49EF-AB54-301359B8F3C7}.Release|Any CPU.ActiveCfg = Release|Any CPU
		{18E8A0F1-25D1-49EF-AB54-301359B8F3C7}.Release|Any CPU.Build.0 = Release|Any CPU
		{D1DB51D3-0ACD-47A4-A5D4-2A2EBCC5B265}.Debug|Any CPU.ActiveCfg = Debug|Any CPU
		{D1DB51D3-0ACD-47A4-A5D4-2A2EBCC5B265}.Debug|Any CPU.Build.0 = Debug|Any CPU
		{D1DB51D3-0ACD-47A4-A5D4-2A2EBCC5B265}.Release|Any CPU.ActiveCfg = Release|Any CPU
		{D1DB51D3-0ACD-47A4-A5D4-2A2EBCC5B265}.Release|Any CPU.Build.0 = Release|Any CPU
		{D4A72FB6-41CA-44F4-BAC2-7516E9B6EB69}.Debug|Any CPU.ActiveCfg = Debug|Any CPU
		{D4A72FB6-41CA-44F4-BAC2-7516E9B6EB69}.Debug|Any CPU.Build.0 = Debug|Any CPU
		{D4A72FB6-41CA-44F4-BAC2-7516E9B6EB69}.Release|Any CPU.ActiveCfg = Release|Any CPU
		{D4A72FB6-41CA-44F4-BAC2-7516E9B6EB69}.Release|Any CPU.Build.0 = Release|Any CPU
		{F726C5D2-6AB2-4DE8-8906-3A423226B2A2}.Debug|Any CPU.ActiveCfg = Debug|Any CPU
		{F726C5D2-6AB2-4DE8-8906-3A423226B2A2}.Debug|Any CPU.Build.0 = Debug|Any CPU
		{F726C5D2-6AB2-4DE8-8906-3A423226B2A2}.Release|Any CPU.ActiveCfg = Release|Any CPU
		{F726C5D2-6AB2-4DE8-8906-3A423226B2A2}.Release|Any CPU.Build.0 = Release|Any CPU
		{E8BE4DA2-D1A8-4CF9-95AA-547CC68BC267}.Debug|Any CPU.ActiveCfg = Debug|Any CPU
		{E8BE4DA2-D1A8-4CF9-95AA-547CC68BC267}.Debug|Any CPU.Build.0 = Debug|Any CPU
		{E8BE4DA2-D1A8-4CF9-95AA-547CC68BC267}.Release|Any CPU.ActiveCfg = Release|Any CPU
		{E8BE4DA2-D1A8-4CF9-95AA-547CC68BC267}.Release|Any CPU.Build.0 = Release|Any CPU
	EndGlobalSection
	GlobalSection(SolutionProperties) = preSolution
		HideSolutionNode = FALSE
	EndGlobalSection
	GlobalSection(NestedProjects) = preSolution
		{EB87E774-C7CD-44E7-86E8-D5934806298A} = {FCD01CDA-7665-408C-B264-7A2795FB65C6}
		{A20A5FFF-900A-4EB5-988D-00FD735464C0} = {EB87E774-C7CD-44E7-86E8-D5934806298A}
		{E27B4232-AF9B-40F8-B547-721DF0487DE3} = {FCD01CDA-7665-408C-B264-7A2795FB65C6}
		{6889BE92-54DD-4B2C-A31B-9A67ABDA79E1} = {E27B4232-AF9B-40F8-B547-721DF0487DE3}
		{F62A3C93-2EF9-45EB-A887-D25994C2F953} = {1293CB16-F3C2-4049-9C4B-B46B06B82B82}
		{1293CB16-F3C2-4049-9C4B-B46B06B82B82} = {FCD01CDA-7665-408C-B264-7A2795FB65C6}
		{28EBA046-5800-43DF-A442-E89384171E40} = {1293CB16-F3C2-4049-9C4B-B46B06B82B82}
		{785CD133-4F6E-4EF4-AC2F-9DC77F57C5F8} = {FCD01CDA-7665-408C-B264-7A2795FB65C6}
		{B829ADB0-0CE3-40C7-B5BC-A61DCEF5F68C} = {785CD133-4F6E-4EF4-AC2F-9DC77F57C5F8}
		{EC078B89-D4F8-470A-BB88-CE6E7C03456F} = {785CD133-4F6E-4EF4-AC2F-9DC77F57C5F8}
		{18E8A0F1-25D1-49EF-AB54-301359B8F3C7} = {785CD133-4F6E-4EF4-AC2F-9DC77F57C5F8}
		{D1DB51D3-0ACD-47A4-A5D4-2A2EBCC5B265} = {785CD133-4F6E-4EF4-AC2F-9DC77F57C5F8}
		{D4A72FB6-41CA-44F4-BAC2-7516E9B6EB69} = {C3509613-AD08-42C1-9BF0-5F2A36699666}
		{F726C5D2-6AB2-4DE8-8906-3A423226B2A2} = {5F884B6B-1B65-43B5-9B20-160A6921A4DE}
		{E8BE4DA2-D1A8-4CF9-95AA-547CC68BC267} = {5F884B6B-1B65-43B5-9B20-160A6921A4DE}
	EndGlobalSection
	GlobalSection(ExtensibilityGlobals) = postSolution
		SolutionGuid = {30D05B71-A9AB-491A-9DB6-655D0531DC92}
	EndGlobalSection
EndGlobal
